
Microsoft Visual Studio Solution File, Format Version 12.00
# Visual Studio Version 16
VisualStudioVersion = 16.0.29519.87
MinimumVisualStudioVersion = 10.0.40219.1
Project("{FAE04EC0-301F-11D3-BF4B-00C04F79EFBC}") = "Vortragsmanager", "Vortragsmanager\Vortragsmanager.csproj", "{144670CB-6396-488C-A76D-2E03A3B69E78}"
EndProject
Project("{2150E333-8FDC-42A3-9474-1A3956D46DE8}") = "Solution Items", "Solution Items", "{ED4EF8AF-31FF-417B-BE59-C9BA187E6E94}"
	ProjectSection(SolutionItems) = preProject
		Changelog.md = Changelog.md
		README.md = README.md
	EndProjectSection
EndProject
Project("{54435603-DBB4-11D2-8724-00A0C9A8B90C}") = "Setup", "Setup\Setup.vdproj", "{B6B680E8-DE3C-43D7-9E4E-76771D0B30AE}"
EndProject
Project("{2150E333-8FDC-42A3-9474-1A3956D46DE8}") = "docs", "docs", "{6B067D4E-8582-4A43-8344-F5F26B6040D1}"
	ProjectSection(SolutionItems) = preProject
		docs\404.md = docs\404.md
		docs\AntwortEintragen.md = docs\AntwortEintragen.md
		docs\ExterneAnfrage.md = docs\ExterneAnfrage.md
		docs\Index.md = docs\Index.md
		docs\Initialisierung.md = docs\Initialisierung.md
		docs\Installation.md = docs\Installation.md
		docs\Konzept.md = docs\Konzept.md
		docs\ListenAusgeben.md = docs\ListenAusgeben.md
		docs\MeineRedner.md = docs\MeineRedner.md
		docs\MeinPlan.md = docs\MeinPlan.md
		docs\ProgrammEinstellungen.md = docs\ProgrammEinstellungen.md
		docs\README.md = docs\README.md
		docs\Redner.md = docs\Redner.md
		docs\Versammlungen.md = docs\Versammlungen.md
		docs\Verwaltung.md = docs\Verwaltung.md
		docs\Vorlagen.md = docs\Vorlagen.md
		docs\Vortragsthemen.md = docs\Vortragsthemen.md
	EndProjectSection
EndProject
Project("{2150E333-8FDC-42A3-9474-1A3956D46DE8}") = "images", "images", "{EBA8B2B4-5C0A-4F22-96C0-1B0D25F7A20F}"
	ProjectSection(SolutionItems) = preProject
		docs\images\installation_wizard_01.png = docs\images\installation_wizard_01.png
		docs\images\installation_wizard_02.png = docs\images\installation_wizard_02.png
		docs\images\installation_wizard_03.png = docs\images\installation_wizard_03.png
		docs\images\installation_wizard_04.png = docs\images\installation_wizard_04.png
		docs\images\Logo.png = docs\images\Logo.png
		docs\images\meineredner_01.png = docs\images\meineredner_01.png
		docs\images\meineredner_02.png = docs\images\meineredner_02.png
		docs\images\meinplan_01.png = docs\images\meinplan_01.png
		docs\images\meinplan_02.png = docs\images\meinplan_02.png
		docs\images\meinplan_03.png = docs\images\meinplan_03.png
		docs\images\meinplan_04.png = docs\images\meinplan_04.png
		docs\images\meinplan_05.png = docs\images\meinplan_05.png
		docs\images\meinplan_06.png = docs\images\meinplan_06.png
		docs\images\meinplan_07.png = docs\images\meinplan_07.png
		docs\images\menu_gruppe3.png = docs\images\menu_gruppe3.png
		docs\images\menu_icon_01.png = docs\images\menu_icon_01.png
		docs\images\menu_icon_02.png = docs\images\menu_icon_02.png
		docs\images\menu_icon_03.png = docs\images\menu_icon_03.png
		docs\images\menu_icon_04.png = docs\images\menu_icon_04.png
		docs\images\menu_icon_05.png = docs\images\menu_icon_05.png
		docs\images\menu_icon_06.png = docs\images\menu_icon_06.png
		docs\images\menu_icon_07.png = docs\images\menu_icon_07.png
		docs\images\menu_icon_08.png = docs\images\menu_icon_08.png
		docs\images\menu_icon_09.png = docs\images\menu_icon_09.png
		docs\images\projectCard.png = docs\images\projectCard.png
		docs\images\startseite_01.png = docs\images\startseite_01.png
		docs\images\step_03.png = docs\images\step_03.png
		docs\images\step_04.png = docs\images\step_04.png
		docs\images\step_05.png = docs\images\step_05.png
		docs\images\step_06.png = docs\images\step_06.png
		docs\images\step_07.png = docs\images\step_07.png
		docs\images\step_08.png = docs\images\step_08.png
		docs\images\step_09.png = docs\images\step_09.png
		docs\images\step_10.png = docs\images\step_10.png
		docs\images\verwaltung_01.png = docs\images\verwaltung_01.png
		docs\images\verwaltung_02.png = docs\images\verwaltung_02.png
		docs\images\verwaltung_03.png = docs\images\verwaltung_03.png
		docs\images\verwaltung_04.png = docs\images\verwaltung_04.png
		docs\images\verwaltung_20.png = docs\images\verwaltung_20.png
		docs\images\verwaltung_21.png = docs\images\verwaltung_21.png
		docs\images\verwaltung_30.png = docs\images\verwaltung_30.png
	EndProjectSection
EndProject
Project("{2150E333-8FDC-42A3-9474-1A3956D46DE8}") = "_data", "_data", "{EACFEAA0-5D24-42E2-BF24-D16F59F9D1BF}"
	ProjectSection(SolutionItems) = preProject
		docs\_data\navigation.yml = docs\_data\navigation.yml
	EndProjectSection
EndProject
Global
	GlobalSection(SolutionConfigurationPlatforms) = preSolution
		Debug|Any CPU = Debug|Any CPU
		Debug|x86 = Debug|x86
		Release|Any CPU = Release|Any CPU
		Release|x86 = Release|x86
	EndGlobalSection
	GlobalSection(ProjectConfigurationPlatforms) = postSolution
		{144670CB-6396-488C-A76D-2E03A3B69E78}.Debug|Any CPU.ActiveCfg = Debug|Any CPU
		{144670CB-6396-488C-A76D-2E03A3B69E78}.Debug|Any CPU.Build.0 = Debug|Any CPU
		{144670CB-6396-488C-A76D-2E03A3B69E78}.Debug|x86.ActiveCfg = Debug|Any CPU
		{144670CB-6396-488C-A76D-2E03A3B69E78}.Debug|x86.Build.0 = Debug|Any CPU
		{144670CB-6396-488C-A76D-2E03A3B69E78}.Release|Any CPU.ActiveCfg = Release|Any CPU
		{144670CB-6396-488C-A76D-2E03A3B69E78}.Release|Any CPU.Build.0 = Release|Any CPU
		{144670CB-6396-488C-A76D-2E03A3B69E78}.Release|x86.ActiveCfg = Release|x86
		{144670CB-6396-488C-A76D-2E03A3B69E78}.Release|x86.Build.0 = Release|x86
		{B6B680E8-DE3C-43D7-9E4E-76771D0B30AE}.Debug|Any CPU.ActiveCfg = Debug
		{B6B680E8-DE3C-43D7-9E4E-76771D0B30AE}.Debug|x86.ActiveCfg = Debug
		{B6B680E8-DE3C-43D7-9E4E-76771D0B30AE}.Release|Any CPU.ActiveCfg = Release
		{B6B680E8-DE3C-43D7-9E4E-76771D0B30AE}.Release|x86.ActiveCfg = Release
		{B6B680E8-DE3C-43D7-9E4E-76771D0B30AE}.Release|x86.Build.0 = Release
	EndGlobalSection
	GlobalSection(SolutionProperties) = preSolution
		HideSolutionNode = FALSE
	EndGlobalSection
	GlobalSection(NestedProjects) = preSolution
		{6B067D4E-8582-4A43-8344-F5F26B6040D1} = {ED4EF8AF-31FF-417B-BE59-C9BA187E6E94}
		{EBA8B2B4-5C0A-4F22-96C0-1B0D25F7A20F} = {ED4EF8AF-31FF-417B-BE59-C9BA187E6E94}
		{EACFEAA0-5D24-42E2-BF24-D16F59F9D1BF} = {6B067D4E-8582-4A43-8344-F5F26B6040D1}
	EndGlobalSection
	GlobalSection(ExtensibilityGlobals) = postSolution
		SolutionGuid = {2586EACC-6FFF-445E-B7EF-12A729743779}
	EndGlobalSection
EndGlobal
